// !$*UTF8*$!
{
	archiveVersion = 1;
	classes = {
	};
	objectVersion = 46;
	objects = {

/* Begin PBXBuildFile section */
		430B2412E4291E5F2A946041 /* SceneDelegate.swift in Sources */ = {isa = PBXBuildFile; fileRef = 430B22A9C78198F42FC24A5D /* SceneDelegate.swift */; };
		430B25CE87FCC51D49971CAC /* ContentView.swift in Sources */ = {isa = PBXBuildFile; fileRef = 430B227281D4480E17BD5354 /* ContentView.swift */; };
		430B263CDDE302955707EEE7 /* LandmarksTests.swift in Sources */ = {isa = PBXBuildFile; fileRef = 430B2A189A7BA9F3BF7B26EE /* LandmarksTests.swift */; };
		430B27D7887F6332BD01F4EB /* LaunchScreen.storyboard in Resources */ = {isa = PBXBuildFile; fileRef = 430B25E2F85716B60190069B /* LaunchScreen.storyboard */; };
		430B2861253BEAFFD0031B27 /* Preview Assets.xcassets in Resources */ = {isa = PBXBuildFile; fileRef = 430B2D024FA829C39AB586A1 /* Preview Assets.xcassets */; };
		430B29A3D2DA14BB84749C3D /* Assets.xcassets in Resources */ = {isa = PBXBuildFile; fileRef = 430B28D1E1BAE95C055FFA28 /* Assets.xcassets */; };
		430B2AA221D04605DFE9EABD /* LandmarksUITests.swift in Sources */ = {isa = PBXBuildFile; fileRef = 430B2B049D7522D073629106 /* LandmarksUITests.swift */; };
		430B2E4380212766B1363414 /* AppDelegate.swift in Sources */ = {isa = PBXBuildFile; fileRef = 430B2009661C6F0970728C12 /* AppDelegate.swift */; };
/* End PBXBuildFile section */

/* Begin PBXContainerItemProxy section */
		430B232952EDCCA4306DCBB2 /* PBXContainerItemProxy */ = {
			isa = PBXContainerItemProxy;
			containerPortal = 430B28375CC83551FD0D515B /* Project object */;
			proxyType = 1;
			remoteGlobalIDString = 430B2E132CCDE0DF6377F05F;
			remoteInfo = Landmarks;
		};
		430B2796CD3D96CE25F8CACB /* PBXContainerItemProxy */ = {
			isa = PBXContainerItemProxy;
			containerPortal = 430B28375CC83551FD0D515B /* Project object */;
			proxyType = 1;
			remoteGlobalIDString = 430B2E132CCDE0DF6377F05F;
			remoteInfo = Landmarks;
		};
/* End PBXContainerItemProxy section */

/* Begin PBXFileReference section */
		430B2009661C6F0970728C12 /* AppDelegate.swift */ = {isa = PBXFileReference; lastKnownFileType = sourcecode.swift; path = AppDelegate.swift; sourceTree = "<group>"; };
		430B221575C77CFBCC0005CC /* LandmarksTests.xctest */ = {isa = PBXFileReference; explicitFileType = wrapper.cfbundle; includeInIndex = 0; path = LandmarksTests.xctest; sourceTree = BUILT_PRODUCTS_DIR; };
		430B227281D4480E17BD5354 /* ContentView.swift */ = {isa = PBXFileReference; lastKnownFileType = sourcecode.swift; path = ContentView.swift; sourceTree = "<group>"; };
		430B22A9C78198F42FC24A5D /* SceneDelegate.swift */ = {isa = PBXFileReference; lastKnownFileType = sourcecode.swift; path = SceneDelegate.swift; sourceTree = "<group>"; };
		430B273BB5D7FA6F605C60E4 /* Landmarks.app */ = {isa = PBXFileReference; explicitFileType = wrapper.application; includeInIndex = 0; path = Landmarks.app; sourceTree = BUILT_PRODUCTS_DIR; };
		430B27F03E13321F2BADD9C2 /* LandmarksUITests.xctest */ = {isa = PBXFileReference; explicitFileType = wrapper.cfbundle; includeInIndex = 0; path = LandmarksUITests.xctest; sourceTree = BUILT_PRODUCTS_DIR; };
		430B28D1E1BAE95C055FFA28 /* Assets.xcassets */ = {isa = PBXFileReference; lastKnownFileType = folder.assetcatalog; path = Assets.xcassets; sourceTree = "<group>"; };
		430B2A189A7BA9F3BF7B26EE /* LandmarksTests.swift */ = {isa = PBXFileReference; lastKnownFileType = sourcecode.swift; path = LandmarksTests.swift; sourceTree = "<group>"; };
		430B2AAD39FC37D346DFB702 /* Info.plist */ = {isa = PBXFileReference; lastKnownFileType = text.plist.info; path = Info.plist; sourceTree = "<group>"; };
		430B2ADBCFA6006E8A15A8EF /* Info.plist */ = {isa = PBXFileReference; lastKnownFileType = text.plist.info; path = Info.plist; sourceTree = "<group>"; };
		430B2B049D7522D073629106 /* LandmarksUITests.swift */ = {isa = PBXFileReference; lastKnownFileType = sourcecode.swift; path = LandmarksUITests.swift; sourceTree = "<group>"; };
		430B2BCDAFCEE6F334AE20EF /* Info.plist */ = {isa = PBXFileReference; lastKnownFileType = text.plist.info; path = Info.plist; sourceTree = "<group>"; };
		430B2D024FA829C39AB586A1 /* Preview Assets.xcassets */ = {isa = PBXFileReference; lastKnownFileType = folder.assetcatalog; path = "Preview Assets.xcassets"; sourceTree = "<group>"; };
		430B2E01522E5480B6CAD4FF /* Base */ = {isa = PBXFileReference; lastKnownFileType = file.storyboard; name = Base; path = Base.lproj/LaunchScreen.storyboard; sourceTree = "<group>"; };
/* End PBXFileReference section */

/* Begin PBXFrameworksBuildPhase section */
		430B265F1DA355CD06E34161 /* Frameworks */ = {
			isa = PBXFrameworksBuildPhase;
			buildActionMask = 2147483647;
			files = (
			);
			runOnlyForDeploymentPostprocessing = 0;
		};
		430B29BE3AE2B7F3EFAD66B1 /* Frameworks */ = {
			isa = PBXFrameworksBuildPhase;
			buildActionMask = 2147483647;
			files = (
			);
			runOnlyForDeploymentPostprocessing = 0;
		};
		430B2C376A31593D8E1F9A78 /* Frameworks */ = {
			isa = PBXFrameworksBuildPhase;
			buildActionMask = 2147483647;
			files = (
			);
			runOnlyForDeploymentPostprocessing = 0;
		};
/* End PBXFrameworksBuildPhase section */

/* Begin PBXGroup section */
		430B20F04F61C62AD662FD40 = {
			isa = PBXGroup;
			children = (
				430B22AA675EA8D190FE0F8F /* Products */,
				430B20FD62ADD69B9E4DAA23 /* Landmarks */,
				430B2C13B7DC64A0B0DC7FAD /* LandmarksTests */,
				430B267B6A4794680AFBB20E /* LandmarksUITests */,
			);
			sourceTree = "<group>";
		};
		430B20FD62ADD69B9E4DAA23 /* Landmarks */ = {
			isa = PBXGroup;
			children = (
				430B2AAD39FC37D346DFB702 /* Info.plist */,
				430B28D1E1BAE95C055FFA28 /* Assets.xcassets */,
				430B25E2F85716B60190069B /* LaunchScreen.storyboard */,
				430B2009661C6F0970728C12 /* AppDelegate.swift */,
				430B22A9C78198F42FC24A5D /* SceneDelegate.swift */,
				430B227281D4480E17BD5354 /* ContentView.swift */,
				430B2EDF7D4B41A433187C6F /* Preview Content */,
			);
			path = Landmarks;
			sourceTree = "<group>";
		};
		430B22AA675EA8D190FE0F8F /* Products */ = {
			isa = PBXGroup;
			children = (
				430B273BB5D7FA6F605C60E4 /* Landmarks.app */,
				430B221575C77CFBCC0005CC /* LandmarksTests.xctest */,
				430B27F03E13321F2BADD9C2 /* LandmarksUITests.xctest */,
			);
			name = Products;
			sourceTree = "<group>";
		};
		430B267B6A4794680AFBB20E /* LandmarksUITests */ = {
			isa = PBXGroup;
			children = (
				430B2BCDAFCEE6F334AE20EF /* Info.plist */,
				430B2B049D7522D073629106 /* LandmarksUITests.swift */,
			);
			path = LandmarksUITests;
			sourceTree = "<group>";
		};
		430B2C13B7DC64A0B0DC7FAD /* LandmarksTests */ = {
			isa = PBXGroup;
			children = (
				430B2ADBCFA6006E8A15A8EF /* Info.plist */,
				430B2A189A7BA9F3BF7B26EE /* LandmarksTests.swift */,
			);
			path = LandmarksTests;
			sourceTree = "<group>";
		};
		430B2EDF7D4B41A433187C6F /* Preview Content */ = {
			isa = PBXGroup;
			children = (
				430B2D024FA829C39AB586A1 /* Preview Assets.xcassets */,
			);
			path = "Preview Content";
			sourceTree = "<group>";
		};
/* End PBXGroup section */

/* Begin PBXNativeTarget section */
		430B26F8D67A0DCAA352C564 /* LandmarksUITests */ = {
			isa = PBXNativeTarget;
			buildConfigurationList = 430B2DDB67C7AAC4D73880C8 /* Build configuration list for PBXNativeTarget "LandmarksUITests" */;
			buildPhases = (
				430B2895D26931ACFDF9FFFA /* Sources */,
				430B29BE3AE2B7F3EFAD66B1 /* Frameworks */,
				430B22943C6D30878B66F45A /* Resources */,
			);
			buildRules = (
			);
			dependencies = (
				430B2C04FA8670E39B393A96 /* PBXTargetDependency */,
			);
			name = LandmarksUITests;
			productName = LandmarksUITests;
			productReference = 430B27F03E13321F2BADD9C2 /* LandmarksUITests.xctest */;
			productType = "com.apple.product-type.bundle.ui-testing";
		};
		430B2E132CCDE0DF6377F05F /* Landmarks */ = {
			isa = PBXNativeTarget;
			buildConfigurationList = 430B2C1981363B3D1AABA7D2 /* Build configuration list for PBXNativeTarget "Landmarks" */;
			buildPhases = (
				430B287D866F62502415C413 /* Sources */,
				430B2C376A31593D8E1F9A78 /* Frameworks */,
				430B222EB71576BE414C0C36 /* Resources */,
			);
			buildRules = (
			);
			dependencies = (
			);
			name = Landmarks;
			productName = Landmarks;
			productReference = 430B273BB5D7FA6F605C60E4 /* Landmarks.app */;
			productType = "com.apple.product-type.application";
		};
		430B2F8069347B62C9171FBC /* LandmarksTests */ = {
			isa = PBXNativeTarget;
			buildConfigurationList = 430B2E778F84CE5A5B1E6B95 /* Build configuration list for PBXNativeTarget "LandmarksTests" */;
			buildPhases = (
				430B2FEB22D63C1EBBFEE8FD /* Sources */,
				430B265F1DA355CD06E34161 /* Frameworks */,
				430B260E3F94866AAA68CE55 /* Resources */,
			);
			buildRules = (
			);
			dependencies = (
				430B2054DB4C87087D0D8181 /* PBXTargetDependency */,
			);
			name = LandmarksTests;
			productName = LandmarksTests;
			productReference = 430B221575C77CFBCC0005CC /* LandmarksTests.xctest */;
			productType = "com.apple.product-type.bundle.unit-test";
		};
/* End PBXNativeTarget section */

/* Begin PBXProject section */
		430B28375CC83551FD0D515B /* Project object */ = {
			isa = PBXProject;
			attributes = {
				ORGANIZATIONNAME = "___YUKIKOMA___";
			};
			buildConfigurationList = 430B2C1371F7577C0DE3C99A /* Build configuration list for PBXProject "Landmarks" */;
			compatibilityVersion = "Xcode 3.2";
			developmentRegion = English;
			hasScannedForEncodings = 0;
			knownRegions = (
				English,
				en,
				Base,
			);
			mainGroup = 430B20F04F61C62AD662FD40;
			productRefGroup = 430B22AA675EA8D190FE0F8F /* Products */;
			projectDirPath = "";
			projectRoot = "";
			targets = (
				430B2E132CCDE0DF6377F05F /* Landmarks */,
				430B2F8069347B62C9171FBC /* LandmarksTests */,
				430B26F8D67A0DCAA352C564 /* LandmarksUITests */,
			);
		};
/* End PBXProject section */

/* Begin PBXResourcesBuildPhase section */
		430B222EB71576BE414C0C36 /* Resources */ = {
			isa = PBXResourcesBuildPhase;
			buildActionMask = 2147483647;
			files = (
				430B29A3D2DA14BB84749C3D /* Assets.xcassets in Resources */,
				430B27D7887F6332BD01F4EB /* LaunchScreen.storyboard in Resources */,
				430B2861253BEAFFD0031B27 /* Preview Assets.xcassets in Resources */,
			);
			runOnlyForDeploymentPostprocessing = 0;
		};
		430B22943C6D30878B66F45A /* Resources */ = {
			isa = PBXResourcesBuildPhase;
			buildActionMask = 2147483647;
			files = (
			);
			runOnlyForDeploymentPostprocessing = 0;
		};
		430B260E3F94866AAA68CE55 /* Resources */ = {
			isa = PBXResourcesBuildPhase;
			buildActionMask = 2147483647;
			files = (
			);
			runOnlyForDeploymentPostprocessing = 0;
		};
/* End PBXResourcesBuildPhase section */

/* Begin PBXSourcesBuildPhase section */
		430B287D866F62502415C413 /* Sources */ = {
			isa = PBXSourcesBuildPhase;
			buildActionMask = 2147483647;
			files = (
				430B2E4380212766B1363414 /* AppDelegate.swift in Sources */,
				430B2412E4291E5F2A946041 /* SceneDelegate.swift in Sources */,
				430B25CE87FCC51D49971CAC /* ContentView.swift in Sources */,
			);
			runOnlyForDeploymentPostprocessing = 0;
		};
		430B2895D26931ACFDF9FFFA /* Sources */ = {
			isa = PBXSourcesBuildPhase;
			buildActionMask = 2147483647;
			files = (
				430B2AA221D04605DFE9EABD /* LandmarksUITests.swift in Sources */,
			);
			runOnlyForDeploymentPostprocessing = 0;
		};
		430B2FEB22D63C1EBBFEE8FD /* Sources */ = {
			isa = PBXSourcesBuildPhase;
			buildActionMask = 2147483647;
			files = (
				430B263CDDE302955707EEE7 /* LandmarksTests.swift in Sources */,
			);
			runOnlyForDeploymentPostprocessing = 0;
		};
/* End PBXSourcesBuildPhase section */

/* Begin PBXTargetDependency section */
		430B2054DB4C87087D0D8181 /* PBXTargetDependency */ = {
			isa = PBXTargetDependency;
			target = 430B2E132CCDE0DF6377F05F /* Landmarks */;
			targetProxy = 430B232952EDCCA4306DCBB2 /* PBXContainerItemProxy */;
		};
		430B2C04FA8670E39B393A96 /* PBXTargetDependency */ = {
			isa = PBXTargetDependency;
			target = 430B2E132CCDE0DF6377F05F /* Landmarks */;
			targetProxy = 430B2796CD3D96CE25F8CACB /* PBXContainerItemProxy */;
		};
/* End PBXTargetDependency section */

/* Begin PBXVariantGroup section */
		430B25E2F85716B60190069B /* LaunchScreen.storyboard */ = {
			isa = PBXVariantGroup;
			children = (
				430B2E01522E5480B6CAD4FF /* Base */,
			);
			name = LaunchScreen.storyboard;
			sourceTree = "<group>";
		};
/* End PBXVariantGroup section */

/* Begin XCBuildConfiguration section */
		430B25066913418358BCC0E2 /* Debug */ = {
			isa = XCBuildConfiguration;
			buildSettings = {
				ASSETCATALOG_COMPILER_APPICON_NAME = AppIcon;
				DEVELOPMENT_ASSET_PATHS = "\"Landmarks/Preview Content\"";
				ENABLE_PREVIEWS = YES;
				INFOPLIST_FILE = Landmarks/Info.plist;
				LD_RUNPATH_SEARCH_PATHS = "$(inherited) @executable_path/Frameworks";
				PRODUCT_BUNDLE_IDENTIFIER = com.tutrial.koma.Landmarks;
				PRODUCT_NAME = "$(TARGET_NAME)";
				SWIFT_VERSION = 5.0;
				TARGETED_DEVICE_FAMILY = "1,2";
			};
			name = Debug;
		};
		430B27827DDE75C3C23D596D /* Debug */ = {
			isa = XCBuildConfiguration;
			buildSettings = {
				BUNDLE_LOADER = "$(BUILT_PRODUCTS_DIR)/Landmarks.app/Landmarks";
				INFOPLIST_FILE = LandmarksTests/Info.plist;
				LD_RUNPATH_SEARCH_PATHS = "$(inherited) @executable_path/Frameworks @loader_path/Frameworks";
				PRODUCT_BUNDLE_IDENTIFIER = com.tutrial.koma.LandmarksTests;
				PRODUCT_NAME = "$(TARGET_NAME)";
				SWIFT_VERSION = 5.0;
				TARGETED_DEVICE_FAMILY = "1,2";
				TEST_HOST = "$(BUNDLE_LOADER)";
			};
			name = Debug;
		};
		430B28C8C77880C8BA904076 /* Release */ = {
			isa = XCBuildConfiguration;
			buildSettings = {
				ASSETCATALOG_COMPILER_APPICON_NAME = AppIcon;
				DEVELOPMENT_ASSET_PATHS = "\"Landmarks/Preview Content\"";
				ENABLE_PREVIEWS = YES;
				INFOPLIST_FILE = Landmarks/Info.plist;
				LD_RUNPATH_SEARCH_PATHS = "$(inherited) @executable_path/Frameworks";
				PRODUCT_BUNDLE_IDENTIFIER = com.tutrial.koma.Landmarks;
				PRODUCT_NAME = "$(TARGET_NAME)";
				SWIFT_VERSION = 5.0;
				TARGETED_DEVICE_FAMILY = "1,2";
			};
			name = Release;
		};
		430B297EBB1DC02B9D015D6B /* Release */ = {
			isa = XCBuildConfiguration;
			buildSettings = {
				INFOPLIST_FILE = LandmarksUITests/Info.plist;
				LD_RUNPATH_SEARCH_PATHS = "$(inherited) @executable_path/Frameworks @loader_path/Frameworks";
				PRODUCT_BUNDLE_IDENTIFIER = com.tutrial.koma.LandmarksUITests;
				PRODUCT_NAME = "$(TARGET_NAME)";
				SWIFT_VERSION = 5.0;
				TARGETED_DEVICE_FAMILY = "1,2";
				TEST_TARGET_NAME = Landmarks;
			};
			name = Release;
		};
		430B2A4F5AE50E6E96F7513A /* Debug */ = {
			isa = XCBuildConfiguration;
			buildSettings = {
				INFOPLIST_FILE = LandmarksUITests/Info.plist;
				LD_RUNPATH_SEARCH_PATHS = "$(inherited) @executable_path/Frameworks @loader_path/Frameworks";
				PRODUCT_BUNDLE_IDENTIFIER = com.tutrial.koma.LandmarksUITests;
				PRODUCT_NAME = "$(TARGET_NAME)";
				SWIFT_VERSION = 5.0;
				TARGETED_DEVICE_FAMILY = "1,2";
				TEST_TARGET_NAME = Landmarks;
			};
			name = Debug;
		};
		430B2B109D155BFDB111DE1D /* Debug */ = {
			isa = XCBuildConfiguration;
			buildSettings = {
				ALWAYS_SEARCH_USER_PATHS = NO;
				CLANG_ANALYZER_NONNULL = YES;
				CLANG_ANALYZER_NUMBER_OBJECT_CONVERSION = YES_AGGRESSIVE;
				CLANG_CXX_LANGUAGE_STANDARD = "gnu++14";
				CLANG_CXX_LIBRARY = "libc++";
				CLANG_ENABLE_MODULES = YES;
				CLANG_ENABLE_OBJC_ARC = YES;
				CLANG_ENABLE_OBJC_WEAK = YES;
				CLANG_WARN_BLOCK_CAPTURE_AUTORELEASING = YES;
				CLANG_WARN_BOOL_CONVERSION = YES;
				CLANG_WARN_COMMA = YES;
				CLANG_WARN_CONSTANT_CONVERSION = YES;
				CLANG_WARN_DEPRECATED_OBJC_IMPLEMENTATIONS = YES;
				CLANG_WARN_DIRECT_OBJC_ISA_USAGE = YES_ERROR;
				CLANG_WARN_DOCUMENTATION_COMMENTS = YES;
				CLANG_WARN_EMPTY_BODY = YES;
				CLANG_WARN_ENUM_CONVERSION = YES;
				CLANG_WARN_INFINITE_RECURSION = YES;
				CLANG_WARN_INT_CONVERSION = YES;
				CLANG_WARN_NON_LITERAL_NULL_CONVERSION = YES;
				CLANG_WARN_OBJC_IMPLICIT_RETAIN_SELF = YES;
				CLANG_WARN_OBJC_LITERAL_CONVERSION = YES;
				CLANG_WARN_OBJC_ROOT_CLASS = YES_ERROR;
				CLANG_WARN_RANGE_LOOP_ANALYSIS = YES;
				CLANG_WARN_STRICT_PROTOTYPES = YES;
				CLANG_WARN_SUSPICIOUS_MOVE = YES;
				CLANG_WARN_UNGUARDED_AVAILABILITY = YES_AGGRESSIVE;
				CLANG_WARN_UNREACHABLE_CODE = YES;
				CLANG_WARN__DUPLICATE_METHOD_MATCH = YES;
				COPY_PHASE_STRIP = NO;
				DEBUG_INFORMATION_FORMAT = dwarf;
				ENABLE_STRICT_OBJC_MSGSEND = YES;
				ENABLE_TESTABILITY = YES;
				GCC_C_LANGUAGE_STANDARD = gnu11;
				GCC_DYNAMIC_NO_PIC = NO;
				GCC_NO_COMMON_BLOCKS = YES;
				GCC_OPTIMIZATION_LEVEL = 0;
				GCC_PREPROCESSOR_DEFINITIONS = (
					"DEBUG=1",
					"$(inherited)",
				);
				GCC_WARN_64_TO_32_BIT_CONVERSION = YES;
				GCC_WARN_ABOUT_RETURN_TYPE = YES_ERROR;
				GCC_WARN_UNDECLARED_SELECTOR = YES;
				GCC_WARN_UNINITIALIZED_AUTOS = YES_AGGRESSIVE;
				GCC_WARN_UNUSED_FUNCTION = YES;
				GCC_WARN_UNUSED_VARIABLE = YES;
				IPHONEOS_DEPLOYMENT_TARGET = 13.4;
				MTL_ENABLE_DEBUG_INFO = INCLUDE_SOURCE;
				MTL_FAST_MATH = YES;
				ONLY_ACTIVE_ARCH = YES;
				SDKROOT = iphoneos;
				SWIFT_ACTIVE_COMPILATION_CONDITIONS = DEBUG;
				SWIFT_OPTIMIZATION_LEVEL = "-Onone";
			};
			name = Debug;
		};
		430B2D0D7E1A85316D0F986D /* Release */ = {
			isa = XCBuildConfiguration;
			buildSettings = {
				BUNDLE_LOADER = "$(BUILT_PRODUCTS_DIR)/Landmarks.app/Landmarks";
				INFOPLIST_FILE = LandmarksTests/Info.plist;
				LD_RUNPATH_SEARCH_PATHS = "$(inherited) @executable_path/Frameworks @loader_path/Frameworks";
				PRODUCT_BUNDLE_IDENTIFIER = com.tutrial.koma.LandmarksTests;
				PRODUCT_NAME = "$(TARGET_NAME)";
				SWIFT_VERSION = 5.0;
				TARGETED_DEVICE_FAMILY = "1,2";
				TEST_HOST = "$(BUNDLE_LOADER)";
			};
			name = Release;
		};
		430B2F639FC137EC9485E5C1 /* Release */ = {
			isa = XCBuildConfiguration;
			buildSettings = {
				ALWAYS_SEARCH_USER_PATHS = NO;
				CLANG_ANALYZER_NONNULL = YES;
				CLANG_ANALYZER_NUMBER_OBJECT_CONVERSION = YES_AGGRESSIVE;
				CLANG_CXX_LANGUAGE_STANDARD = "gnu++14";
				CLANG_CXX_LIBRARY = "libc++";
				CLANG_ENABLE_MODULES = YES;
				CLANG_ENABLE_OBJC_ARC = YES;
				CLANG_ENABLE_OBJC_WEAK = YES;
				CLANG_WARN_BLOCK_CAPTURE_AUTORELEASING = YES;
				CLANG_WARN_BOOL_CONVERSION = YES;
				CLANG_WARN_COMMA = YES;
				CLANG_WARN_CONSTANT_CONVERSION = YES;
				CLANG_WARN_DEPRECATED_OBJC_IMPLEMENTATIONS = YES;
				CLANG_WARN_DIRECT_OBJC_ISA_USAGE = YES_ERROR;
				CLANG_WARN_DOCUMENTATION_COMMENTS = YES;
				CLANG_WARN_EMPTY_BODY = YES;
				CLANG_WARN_ENUM_CONVERSION = YES;
				CLANG_WARN_INFINITE_RECURSION = YES;
				CLANG_WARN_INT_CONVERSION = YES;
				CLANG_WARN_NON_LITERAL_NULL_CONVERSION = YES;
				CLANG_WARN_OBJC_IMPLICIT_RETAIN_SELF = YES;
				CLANG_WARN_OBJC_LITERAL_CONVERSION = YES;
				CLANG_WARN_OBJC_ROOT_CLASS = YES_ERROR;
				CLANG_WARN_RANGE_LOOP_ANALYSIS = YES;
				CLANG_WARN_STRICT_PROTOTYPES = YES;
				CLANG_WARN_SUSPICIOUS_MOVE = YES;
				CLANG_WARN_UNGUARDED_AVAILABILITY = YES_AGGRESSIVE;
				CLANG_WARN_UNREACHABLE_CODE = YES;
				CLANG_WARN__DUPLICATE_METHOD_MATCH = YES;
				COPY_PHASE_STRIP = NO;
				DEBUG_INFORMATION_FORMAT = "dwarf-with-dsym";
				ENABLE_NS_ASSERTIONS = NO;
				ENABLE_STRICT_OBJC_MSGSEND = YES;
				GCC_C_LANGUAGE_STANDARD = gnu11;
				GCC_NO_COMMON_BLOCKS = YES;
				GCC_WARN_64_TO_32_BIT_CONVERSION = YES;
				GCC_WARN_ABOUT_RETURN_TYPE = YES_ERROR;
				GCC_WARN_UNDECLARED_SELECTOR = YES;
				GCC_WARN_UNINITIALIZED_AUTOS = YES_AGGRESSIVE;
				GCC_WARN_UNUSED_FUNCTION = YES;
				GCC_WARN_UNUSED_VARIABLE = YES;
				IPHONEOS_DEPLOYMENT_TARGET = 13.4;
				MTL_ENABLE_DEBUG_INFO = NO;
				MTL_FAST_MATH = YES;
				SDKROOT = iphoneos;
				SWIFT_OPTIMIZATION_LEVEL = "-Owholemodule";
				VALIDATE_PRODUCT = YES;
			};
			name = Release;
		};
/* End XCBuildConfiguration section */

/* Begin XCConfigurationList section */
		430B2C1371F7577C0DE3C99A /* Build configuration list for PBXProject "Landmarks" */ = {
			isa = XCConfigurationList;
			buildConfigurations = (
				430B2B109D155BFDB111DE1D /* Debug */,
				430B2F639FC137EC9485E5C1 /* Release */,
			);
			defaultConfigurationIsVisible = 0;
			defaultConfigurationName = Release;
		};
		430B2C1981363B3D1AABA7D2 /* Build configuration list for PBXNativeTarget "Landmarks" */ = {
			isa = XCConfigurationList;
			buildConfigurations = (
				430B25066913418358BCC0E2 /* Debug */,
				430B28C8C77880C8BA904076 /* Release */,
			);
			defaultConfigurationIsVisible = 0;
			defaultConfigurationName = Release;
		};
		430B2DDB67C7AAC4D73880C8 /* Build configuration list for PBXNativeTarget "LandmarksUITests" */ = {
			isa = XCConfigurationList;
			buildConfigurations = (
				430B2A4F5AE50E6E96F7513A /* Debug */,
				430B297EBB1DC02B9D015D6B /* Release */,
			);
			defaultConfigurationIsVisible = 0;
			defaultConfigurationName = Release;
		};
		430B2E778F84CE5A5B1E6B95 /* Build configuration list for PBXNativeTarget "LandmarksTests" */ = {
			isa = XCConfigurationList;
			buildConfigurations = (
				430B27827DDE75C3C23D596D /* Debug */,
				430B2D0D7E1A85316D0F986D /* Release */,
			);
			defaultConfigurationIsVisible = 0;
			defaultConfigurationName = Release;
		};
/* End XCConfigurationList section */
	};
	rootObject = 430B28375CC83551FD0D515B /* Project object */;
}
